
Microsoft Visual Studio Solution File, Format Version 12.00
# Visual Studio Version 16
VisualStudioVersion = 16.0.30523.141
MinimumVisualStudioVersion = 10.0.40219.1
Project("{9A19103F-16F7-4668-BE54-9A1E7A4F7556}") = "GeoService.API", "GeoService.API\GeoService.API.csproj", "{042CB93E-6191-4181-BC71-A56A7F1B746E}"
EndProject
Project("{9A19103F-16F7-4668-BE54-9A1E7A4F7556}") = "GeoService.EF", "GeoService.EF\GeoService.EF.csproj", "{88B815E6-C3B3-4B3A-8465-F4E9D0690BD3}"
EndProject
Project("{9A19103F-16F7-4668-BE54-9A1E7A4F7556}") = "GeoService.Domain", "GeoService.Domain\GeoService.Domain.csproj", "{DD13F05E-2DFE-484D-9BC9-20BE28F3AB8F}"
EndProject
Project("{9A19103F-16F7-4668-BE54-9A1E7A4F7556}") = "MSTests.Domain", "MSTests.Domain\MSTests.Domain.csproj", "{C5D71959-FDE8-47AD-AB64-32D3A2F0BB22}"
EndProject
Project("{9A19103F-16F7-4668-BE54-9A1E7A4F7556}") = "ConsoleApp", "ConsoleApp\ConsoleApp.csproj", "{716624CE-5D86-430F-9F37-D5584FD2B6CC}"
EndProject
Global
	GlobalSection(SolutionConfigurationPlatforms) = preSolution
		Debug|Any CPU = Debug|Any CPU
		Release|Any CPU = Release|Any CPU
	EndGlobalSection
	GlobalSection(ProjectConfigurationPlatforms) = postSolution
		{042CB93E-6191-4181-BC71-A56A7F1B746E}.Debug|Any CPU.ActiveCfg = Debug|Any CPU
		{042CB93E-6191-4181-BC71-A56A7F1B746E}.Debug|Any CPU.Build.0 = Debug|Any CPU
		{042CB93E-6191-4181-BC71-A56A7F1B746E}.Release|Any CPU.ActiveCfg = Release|Any CPU
		{042CB93E-6191-4181-BC71-A56A7F1B746E}.Release|Any CPU.Build.0 = Release|Any CPU
		{88B815E6-C3B3-4B3A-8465-F4E9D0690BD3}.Debug|Any CPU.ActiveCfg = Debug|Any CPU
		{88B815E6-C3B3-4B3A-8465-F4E9D0690BD3}.Debug|Any CPU.Build.0 = Debug|Any CPU
		{88B815E6-C3B3-4B3A-8465-F4E9D0690BD3}.Release|Any CPU.ActiveCfg = Release|Any CPU
		{88B815E6-C3B3-4B3A-8465-F4E9D0690BD3}.Release|Any CPU.Build.0 = Release|Any CPU
		{DD13F05E-2DFE-484D-9BC9-20BE28F3AB8F}.Debug|Any CPU.ActiveCfg = Debug|Any CPU
		{DD13F05E-2DFE-484D-9BC9-20BE28F3AB8F}.Debug|Any CPU.Build.0 = Debug|Any CPU
		{DD13F05E-2DFE-484D-9BC9-20BE28F3AB8F}.Release|Any CPU.ActiveCfg = Release|Any CPU
		{DD13F05E-2DFE-484D-9BC9-20BE28F3AB8F}.Release|Any CPU.Build.0 = Release|Any CPU
		{C5D71959-FDE8-47AD-AB64-32D3A2F0BB22}.Debug|Any CPU.ActiveCfg = Debug|Any CPU
		{C5D71959-FDE8-47AD-AB64-32D3A2F0BB22}.Debug|Any CPU.Build.0 = Debug|Any CPU
		{C5D71959-FDE8-47AD-AB64-32D3A2F0BB22}.Release|Any CPU.ActiveCfg = Release|Any CPU
		{C5D71959-FDE8-47AD-AB64-32D3A2F0BB22}.Release|Any CPU.Build.0 = Release|Any CPU
		{716624CE-5D86-430F-9F37-D5584FD2B6CC}.Debug|Any CPU.ActiveCfg = Debug|Any CPU
		{716624CE-5D86-430F-9F37-D5584FD2B6CC}.Debug|Any CPU.Build.0 = Debug|Any CPU
		{716624CE-5D86-430F-9F37-D5584FD2B6CC}.Release|Any CPU.ActiveCfg = Release|Any CPU
		{716624CE-5D86-430F-9F37-D5584FD2B6CC}.Release|Any CPU.Build.0 = Release|Any CPU
	EndGlobalSection
	GlobalSection(SolutionProperties) = preSolution
		HideSolutionNode = FALSE
	EndGlobalSection
	GlobalSection(ExtensibilityGlobals) = postSolution
		SolutionGuid = {1C1DA544-96E8-4304-BF49-E893C60B5C25}
	EndGlobalSection
EndGlobal
